{
  "object": {
    "pins": [
      {
        "package": "AmzdIntrospect",
        "repositoryURL": "https://github.com/Amzd/SwiftUI-Introspect.git",
        "state": {
          "branch": null,
          "revision": "daa2ee72339db6b7490e29815afaa6e50b1cd208",
          "version": "0.1.3"
        }
      }
    ]
  },
  "version": 1
}
